PODS:
  - QBSubscriberField (0.1.0)

DEPENDENCIES:
  - QBSubscriberField (from `../`)

EXTERNAL SOURCES:
  QBSubscriberField:
    :path: "../"

SPEC CHECKSUMS:
  QBSubscriberField: 926bf3ae84124e7d2f86aad9f432260eeeb2a0ee

PODFILE CHECKSUM: dfd5ee10227885f6db97dc41c25b9da77ecd6632

COCOAPODS: 1.1.1
